
Microsoft Visual Studio Solution File, Format Version 12.00
# Visual Studio 15
VisualStudioVersion = 15.0.28010.2036
MinimumVisualStudioVersion = 10.0.40219.1
Project("{8BC9CEB8-8B4A-11D0-8D11-00A0C91BC942}") = "FileMon", "FileMon\FileMon.vcxproj", "{168C5EE2-D8AB-4624-B3C3-D88392523EE6}"
EndProject
Global
	GlobalSection(SolutionConfigurationPlatforms) = preSolution
		Debug|x64 = Debug|x64
		Debug|x86 = Debug|x86
		Release|x64 = Release|x64
		Release|x86 = Release|x86
	EndGlobalSection
	GlobalSection(ProjectConfigurationPlatforms) = postSolution
		{168C5EE2-D8AB-4624-B3C3-D88392523EE6}.Debug|x64.ActiveCfg = Debug|x64
		{168C5EE2-D8AB-4624-B3C3-D88392523EE6}.Debug|x64.Build.0 = Debug|x64
		{168C5EE2-D8AB-4624-B3C3-D88392523EE6}.Debug|x64.Deploy.0 = Debug|x64
		{168C5EE2-D8AB-4624-B3C3-D88392523EE6}.Debug|x86.ActiveCfg = Debug|Win32
		{168C5EE2-D8AB-4624-B3C3-D88392523EE6}.Debug|x86.Build.0 = Debug|Win32
		{168C5EE2-D8AB-4624-B3C3-D88392523EE6}.Debug|x86.Deploy.0 = Debug|Win32
		{168C5EE2-D8AB-4624-B3C3-D88392523EE6}.Release|x64.ActiveCfg = Release|Win32
		{168C5EE2-D8AB-4624-B3C3-D88392523EE6}.Release|x64.Build.0 = Release|Win32
		{168C5EE2-D8AB-4624-B3C3-D88392523EE6}.Release|x64.Deploy.0 = Release|Win32
		{168C5EE2-D8AB-4624-B3C3-D88392523EE6}.Release|x86.ActiveCfg = Release|Win32
		{168C5EE2-D8AB-4624-B3C3-D88392523EE6}.Release|x86.Build.0 = Release|Win32
		{168C5EE2-D8AB-4624-B3C3-D88392523EE6}.Release|x86.Deploy.0 = Release|Win32
	EndGlobalSection
	GlobalSection(SolutionProperties) = preSolution
		HideSolutionNode = FALSE
	EndGlobalSection
	GlobalSection(ExtensibilityGlobals) = postSolution
		SolutionGuid = {C9710661-D138-4115-BA55-868D56A8B04D}
	EndGlobalSection
EndGlobal
