
Microsoft Visual Studio Solution File, Format Version 12.00
# Visual Studio 15
VisualStudioVersion = 15.0.28010.2036
MinimumVisualStudioVersion = 10.0.40219.1
Project("{8BC9CEB8-8B4A-11D0-8D11-00A0C91BC942}") = "LibSDK", "LibSDK\LibSDK.vcxproj", "{725C27D9-3645-4073-BAA6-80A63AD78390}"
EndProject
Project("{8BC9CEB8-8B4A-11D0-8D11-00A0C91BC942}") = "Manager", "Manager\Manager.vcxproj", "{896D7FAE-0BC9-4EC1-9C2D-73557D915B6D}"
EndProject
Global
	GlobalSection(SolutionConfigurationPlatforms) = preSolution
		Debug|x64 = Debug|x64
		Debug|x86 = Debug|x86
		Release|x64 = Release|x64
		Release|x86 = Release|x86
	EndGlobalSection
	GlobalSection(ProjectConfigurationPlatforms) = postSolution
		{725C27D9-3645-4073-BAA6-80A63AD78390}.Debug|x64.ActiveCfg = Debug|x64
		{725C27D9-3645-4073-BAA6-80A63AD78390}.Debug|x64.Build.0 = Debug|x64
		{725C27D9-3645-4073-BAA6-80A63AD78390}.Debug|x86.ActiveCfg = Debug|Win32
		{725C27D9-3645-4073-BAA6-80A63AD78390}.Debug|x86.Build.0 = Debug|Win32
		{725C27D9-3645-4073-BAA6-80A63AD78390}.Release|x64.ActiveCfg = Release|x64
		{725C27D9-3645-4073-BAA6-80A63AD78390}.Release|x64.Build.0 = Release|x64
		{725C27D9-3645-4073-BAA6-80A63AD78390}.Release|x86.ActiveCfg = Release|Win32
		{725C27D9-3645-4073-BAA6-80A63AD78390}.Release|x86.Build.0 = Release|Win32
		{896D7FAE-0BC9-4EC1-9C2D-73557D915B6D}.Debug|x64.ActiveCfg = Debug|x64
		{896D7FAE-0BC9-4EC1-9C2D-73557D915B6D}.Debug|x64.Build.0 = Debug|x64
		{896D7FAE-0BC9-4EC1-9C2D-73557D915B6D}.Debug|x86.ActiveCfg = Debug|Win32
		{896D7FAE-0BC9-4EC1-9C2D-73557D915B6D}.Debug|x86.Build.0 = Debug|Win32
		{896D7FAE-0BC9-4EC1-9C2D-73557D915B6D}.Release|x64.ActiveCfg = Release|x64
		{896D7FAE-0BC9-4EC1-9C2D-73557D915B6D}.Release|x64.Build.0 = Release|x64
		{896D7FAE-0BC9-4EC1-9C2D-73557D915B6D}.Release|x86.ActiveCfg = Release|Win32
		{896D7FAE-0BC9-4EC1-9C2D-73557D915B6D}.Release|x86.Build.0 = Release|Win32
	EndGlobalSection
	GlobalSection(SolutionProperties) = preSolution
		HideSolutionNode = FALSE
	EndGlobalSection
	GlobalSection(ExtensibilityGlobals) = postSolution
		SolutionGuid = {B70851F2-6C41-4673-8196-EF7E39E48E18}
	EndGlobalSection
EndGlobal
